
Microsoft Visual Studio Solution File, Format Version 12.00
# Visual Studio Version 17
VisualStudioVersion = 17.8.34330.188
MinimumVisualStudioVersion = 10.0.40219.1
Project("{FAE04EC0-301F-11D3-BF4B-00C04F79EFBC}") = "trimLight2", "trimLight2\trimLight2.csproj", "{FAD4F54A-871C-4226-BC23-02F581B01769}"
EndProject
Global
	GlobalSection(SolutionConfigurationPlatforms) = preSolution
		Debug|Any CPU = Debug|Any CPU
		Release|Any CPU = Release|Any CPU
	EndGlobalSection
	GlobalSection(ProjectConfigurationPlatforms) = postSolution
		{FAD4F54A-871C-4226-BC23-02F581B01769}.Debug|Any CPU.ActiveCfg = Debug|Any CPU
		{FAD4F54A-871C-4226-BC23-02F581B01769}.Debug|Any CPU.Build.0 = Debug|Any CPU
		{FAD4F54A-871C-4226-BC23-02F581B01769}.Release|Any CPU.ActiveCfg = Release|Any CPU
		{FAD4F54A-871C-4226-BC23-02F581B01769}.Release|Any CPU.Build.0 = Release|Any CPU
	EndGlobalSection
	GlobalSection(SolutionProperties) = preSolution
		HideSolutionNode = FALSE
	EndGlobalSection
	GlobalSection(ExtensibilityGlobals) = postSolution
		SolutionGuid = {E36A7DF2-B466-40EA-9BFB-D0EBD7D1AB0F}
	EndGlobalSection
EndGlobal
